// !$*UTF8*$!
{
	archiveVersion = 1;
	classes = {
	};
	objectVersion = 56;
	objects = {

/* Begin PBXBuildFile section */
		7B7A7C402AFBEBFC000C2364 /* RemoteImage.swift in Sources */ = {isa = PBXBuildFile; fileRef = 7B7A7C3F2AFBEBFC000C2364 /* RemoteImage.swift */; };
		7B8F00582AFB997100496112 /* APError.swift in Sources */ = {isa = PBXBuildFile; fileRef = 7B8F00572AFB997100496112 /* APError.swift */; };
		7B8F005A2AFBB22700496112 /* AppetizersListViewModel.swift in Sources */ = {isa = PBXBuildFile; fileRef = 7B8F00592AFBB22700496112 /* AppetizersListViewModel.swift */; };
		7B8F005C2AFBB93E00496112 /* Alert.swift in Sources */ = {isa = PBXBuildFile; fileRef = 7B8F005B2AFBB93E00496112 /* Alert.swift */; };
		7B8F005E2AFBC7BF00496112 /* Color+Ext.swift in Sources */ = {isa = PBXBuildFile; fileRef = 7B8F005D2AFBC7BF00496112 /* Color+Ext.swift */; };
		7B8F00602AFBC90E00496112 /* LoadingView.swift in Sources */ = {isa = PBXBuildFile; fileRef = 7B8F005F2AFBC90E00496112 /* LoadingView.swift */; };
		7B9F6AF52AEE85140044B998 /* AppetizerApp.swift in Sources */ = {isa = PBXBuildFile; fileRef = 7B9F6AF42AEE85140044B998 /* AppetizerApp.swift */; };
		7B9F6AF72AEE85140044B998 /* AppetizerTabView.swift in Sources */ = {isa = PBXBuildFile; fileRef = 7B9F6AF62AEE85140044B998 /* AppetizerTabView.swift */; };
		7B9F6AF92AEE85180044B998 /* Assets.xcassets in Resources */ = {isa = PBXBuildFile; fileRef = 7B9F6AF82AEE85180044B998 /* Assets.xcassets */; };
		7B9F6AFC2AEE85180044B998 /* Preview Assets.xcassets in Resources */ = {isa = PBXBuildFile; fileRef = 7B9F6AFB2AEE85180044B998 /* Preview Assets.xcassets */; };
		7B9F6B032AEE88CF0044B998 /* OrderView.swift in Sources */ = {isa = PBXBuildFile; fileRef = 7B9F6B022AEE88CF0044B998 /* OrderView.swift */; };
		7B9F6B052AEE88DF0044B998 /* AppetizerListView.swift in Sources */ = {isa = PBXBuildFile; fileRef = 7B9F6B042AEE88DF0044B998 /* AppetizerListView.swift */; };
		7B9F6B072AEE88EB0044B998 /* AccountView.swift in Sources */ = {isa = PBXBuildFile; fileRef = 7B9F6B062AEE88EA0044B998 /* AccountView.swift */; };
		7B9F6B0B2AF01DFB0044B998 /* Appetizer.swift in Sources */ = {isa = PBXBuildFile; fileRef = 7B9F6B0A2AF01DFB0044B998 /* Appetizer.swift */; };
		7B9F6B0D2AF171250044B998 /* NetworkManager.swift in Sources */ = {isa = PBXBuildFile; fileRef = 7B9F6B0C2AF171250044B998 /* NetworkManager.swift */; };
/* End PBXBuildFile section */

/* Begin PBXFileReference section */
		7B7A7C3F2AFBEBFC000C2364 /* RemoteImage.swift */ = {isa = PBXFileReference; lastKnownFileType = sourcecode.swift; path = RemoteImage.swift; sourceTree = "<group>"; };
		7B8F00572AFB997100496112 /* APError.swift */ = {isa = PBXFileReference; lastKnownFileType = sourcecode.swift; path = APError.swift; sourceTree = "<group>"; };
		7B8F00592AFBB22700496112 /* AppetizersListViewModel.swift */ = {isa = PBXFileReference; lastKnownFileType = sourcecode.swift; path = AppetizersListViewModel.swift; sourceTree = "<group>"; };
		7B8F005B2AFBB93E00496112 /* Alert.swift */ = {isa = PBXFileReference; lastKnownFileType = sourcecode.swift; path = Alert.swift; sourceTree = "<group>"; };
		7B8F005D2AFBC7BF00496112 /* Color+Ext.swift */ = {isa = PBXFileReference; lastKnownFileType = sourcecode.swift; path = "Color+Ext.swift"; sourceTree = "<group>"; };
		7B8F005F2AFBC90E00496112 /* LoadingView.swift */ = {isa = PBXFileReference; lastKnownFileType = sourcecode.swift; path = LoadingView.swift; sourceTree = "<group>"; };
		7B9F6AF12AEE85140044B998 /* Appetizer.app */ = {isa = PBXFileReference; explicitFileType = wrapper.application; includeInIndex = 0; path = Appetizer.app; sourceTree = BUILT_PRODUCTS_DIR; };
		7B9F6AF42AEE85140044B998 /* AppetizerApp.swift */ = {isa = PBXFileReference; lastKnownFileType = sourcecode.swift; path = AppetizerApp.swift; sourceTree = "<group>"; };
		7B9F6AF62AEE85140044B998 /* AppetizerTabView.swift */ = {isa = PBXFileReference; lastKnownFileType = sourcecode.swift; path = AppetizerTabView.swift; sourceTree = "<group>"; };
		7B9F6AF82AEE85180044B998 /* Assets.xcassets */ = {isa = PBXFileReference; lastKnownFileType = folder.assetcatalog; path = Assets.xcassets; sourceTree = "<group>"; };
		7B9F6AFB2AEE85180044B998 /* Preview Assets.xcassets */ = {isa = PBXFileReference; lastKnownFileType = folder.assetcatalog; path = "Preview Assets.xcassets"; sourceTree = "<group>"; };
		7B9F6B022AEE88CF0044B998 /* OrderView.swift */ = {isa = PBXFileReference; lastKnownFileType = sourcecode.swift; path = OrderView.swift; sourceTree = "<group>"; };
		7B9F6B042AEE88DF0044B998 /* AppetizerListView.swift */ = {isa = PBXFileReference; lastKnownFileType = sourcecode.swift; path = AppetizerListView.swift; sourceTree = "<group>"; };
		7B9F6B062AEE88EA0044B998 /* AccountView.swift */ = {isa = PBXFileReference; lastKnownFileType = sourcecode.swift; path = AccountView.swift; sourceTree = "<group>"; };
		7B9F6B0A2AF01DFB0044B998 /* Appetizer.swift */ = {isa = PBXFileReference; lastKnownFileType = sourcecode.swift; path = Appetizer.swift; sourceTree = "<group>"; };
		7B9F6B0C2AF171250044B998 /* NetworkManager.swift */ = {isa = PBXFileReference; lastKnownFileType = sourcecode.swift; path = NetworkManager.swift; sourceTree = "<group>"; };
/* End PBXFileReference section */

/* Begin PBXFrameworksBuildPhase section */
		7B9F6AEE2AEE85140044B998 /* Frameworks */ = {
			isa = PBXFrameworksBuildPhase;
			buildActionMask = 2147483647;
			files = (
			);
			runOnlyForDeploymentPostprocessing = 0;
		};
/* End PBXFrameworksBuildPhase section */

/* Begin PBXGroup section */
		7B6F3EAD2AFCADF500193E79 /* Views */ = {
			isa = PBXGroup;
			children = (
				7B6F3EAF2AFCAE1400193E79 /* Image */,
				7B6F3EB02AFCAE1E00193E79 /* Cells */,
				7B6F3EAE2AFCADFF00193E79 /* UIKit Components */,
			);
			path = Views;
			sourceTree = "<group>";
		};
		7B6F3EAE2AFCADFF00193E79 /* UIKit Components */ = {
			isa = PBXGroup;
			children = (
				7B8F005F2AFBC90E00496112 /* LoadingView.swift */,
			);
			path = "UIKit Components";
			sourceTree = "<group>";
		};
		7B6F3EAF2AFCAE1400193E79 /* Image */ = {
			isa = PBXGroup;
			children = (
				7B7A7C3F2AFBEBFC000C2364 /* RemoteImage.swift */,
			);
			path = Image;
			sourceTree = "<group>";
		};
		7B6F3EB02AFCAE1E00193E79 /* Cells */ = {
			isa = PBXGroup;
			children = (
			);
			path = Cells;
			sourceTree = "<group>";
		};
		7B6F3EB12AFCAE2900193E79 /* Managers */ = {
			isa = PBXGroup;
			children = (
				7B9F6B0C2AF171250044B998 /* NetworkManager.swift */,
			);
			path = Managers;
			sourceTree = "<group>";
		};
		7B6F3EB22AFCAE8600193E79 /* Error Alerts */ = {
			isa = PBXGroup;
			children = (
				7B8F00572AFB997100496112 /* APError.swift */,
				7B8F005B2AFBB93E00496112 /* Alert.swift */,
			);
			path = "Error Alerts";
			sourceTree = "<group>";
		};
		7B6F3EB32AFCAEA600193E79 /* Extensions */ = {
			isa = PBXGroup;
			children = (
				7B8F005D2AFBC7BF00496112 /* Color+Ext.swift */,
			);
			path = Extensions;
			sourceTree = "<group>";
		};
		7B7A7C422AFBF9EF000C2364 /* AccountView */ = {
			isa = PBXGroup;
			children = (
				7B9F6B062AEE88EA0044B998 /* AccountView.swift */,
			);
			path = AccountView;
			sourceTree = "<group>";
		};
		7B7A7C432AFBFA0A000C2364 /* AppetizerListView */ = {
			isa = PBXGroup;
			children = (
				7B8F00592AFBB22700496112 /* AppetizersListViewModel.swift */,
				7B9F6B042AEE88DF0044B998 /* AppetizerListView.swift */,
			);
			path = AppetizerListView;
			sourceTree = "<group>";
		};
		7B7A7C442AFBFA16000C2364 /* OrderView */ = {
			isa = PBXGroup;
			children = (
				7B9F6B022AEE88CF0044B998 /* OrderView.swift */,
			);
			path = OrderView;
			sourceTree = "<group>";
		};
		7B7A7C452AFBFBDF000C2364 /* Utilities */ = {
			isa = PBXGroup;
			children = (
				7B6F3EB12AFCAE2900193E79 /* Managers */,
				7B6F3EB22AFCAE8600193E79 /* Error Alerts */,
				7B6F3EB32AFCAEA600193E79 /* Extensions */,
			);
			path = Utilities;
			sourceTree = "<group>";
		};
		7B9F6AE82AEE85140044B998 = {
			isa = PBXGroup;
			children = (
				7B9F6AF32AEE85140044B998 /* Appetizer */,
				7B9F6AF22AEE85140044B998 /* Products */,
			);
			sourceTree = "<group>";
		};
		7B9F6AF22AEE85140044B998 /* Products */ = {
			isa = PBXGroup;
			children = (
				7B9F6AF12AEE85140044B998 /* Appetizer.app */,
			);
			name = Products;
			sourceTree = "<group>";
		};
		7B9F6AF32AEE85140044B998 /* Appetizer */ = {
			isa = PBXGroup;
			children = (
				7B9F6B092AF01DE90044B998 /* Model */,
				7B7A7C452AFBFBDF000C2364 /* Utilities */,
				7B6F3EAD2AFCADF500193E79 /* Views */,
				7B9F6B082AEE88F10044B998 /* Screens */,
				7B9F6AF42AEE85140044B998 /* AppetizerApp.swift */,
				7B9F6AF82AEE85180044B998 /* Assets.xcassets */,
				7B9F6AFA2AEE85180044B998 /* Preview Content */,
			);
			path = Appetizer;
			sourceTree = "<group>";
		};
		7B9F6AFA2AEE85180044B998 /* Preview Content */ = {
			isa = PBXGroup;
			children = (
				7B9F6AFB2AEE85180044B998 /* Preview Assets.xcassets */,
			);
			path = "Preview Content";
			sourceTree = "<group>";
		};
		7B9F6B082AEE88F10044B998 /* Screens */ = {
			isa = PBXGroup;
			children = (
				7B9F6AF62AEE85140044B998 /* AppetizerTabView.swift */,
				7B7A7C432AFBFA0A000C2364 /* AppetizerListView */,
				7B7A7C422AFBF9EF000C2364 /* AccountView */,
				7B7A7C442AFBFA16000C2364 /* OrderView */,
			);
			path = Screens;
			sourceTree = "<group>";
		};
		7B9F6B092AF01DE90044B998 /* Model */ = {
			isa = PBXGroup;
			children = (
				7B9F6B0A2AF01DFB0044B998 /* Appetizer.swift */,
			);
			path = Model;
			sourceTree = "<group>";
		};
/* End PBXGroup section */

/* Begin PBXNativeTarget section */
		7B9F6AF02AEE85140044B998 /* Appetizer */ = {
			isa = PBXNativeTarget;
			buildConfigurationList = 7B9F6AFF2AEE85180044B998 /* Build configuration list for PBXNativeTarget "Appetizer" */;
			buildPhases = (
				7B9F6AED2AEE85140044B998 /* Sources */,
				7B9F6AEE2AEE85140044B998 /* Frameworks */,
				7B9F6AEF2AEE85140044B998 /* Resources */,
			);
			buildRules = (
			);
			dependencies = (
			);
			name = Appetizer;
			productName = Appetizer;
			productReference = 7B9F6AF12AEE85140044B998 /* Appetizer.app */;
			productType = "com.apple.product-type.application";
		};
/* End PBXNativeTarget section */

/* Begin PBXProject section */
		7B9F6AE92AEE85140044B998 /* Project object */ = {
			isa = PBXProject;
			attributes = {
				BuildIndependentTargetsInParallel = 1;
				LastSwiftUpdateCheck = 1500;
				LastUpgradeCheck = 1500;
				TargetAttributes = {
					7B9F6AF02AEE85140044B998 = {
						CreatedOnToolsVersion = 15.0.1;
					};
				};
			};
			buildConfigurationList = 7B9F6AEC2AEE85140044B998 /* Build configuration list for PBXProject "Appetizer" */;
			compatibilityVersion = "Xcode 14.0";
			developmentRegion = en;
			hasScannedForEncodings = 0;
			knownRegions = (
				en,
				Base,
			);
			mainGroup = 7B9F6AE82AEE85140044B998;
			productRefGroup = 7B9F6AF22AEE85140044B998 /* Products */;
			projectDirPath = "";
			projectRoot = "";
			targets = (
				7B9F6AF02AEE85140044B998 /* Appetizer */,
			);
		};
/* End PBXProject section */

/* Begin PBXResourcesBuildPhase section */
		7B9F6AEF2AEE85140044B998 /* Resources */ = {
			isa = PBXResourcesBuildPhase;
			buildActionMask = 2147483647;
			files = (
				7B9F6AFC2AEE85180044B998 /* Preview Assets.xcassets in Resources */,
				7B9F6AF92AEE85180044B998 /* Assets.xcassets in Resources */,
			);
			runOnlyForDeploymentPostprocessing = 0;
		};
/* End PBXResourcesBuildPhase section */

/* Begin PBXSourcesBuildPhase section */
		7B9F6AED2AEE85140044B998 /* Sources */ = {
			isa = PBXSourcesBuildPhase;
			buildActionMask = 2147483647;
			files = (
				7B9F6B0B2AF01DFB0044B998 /* Appetizer.swift in Sources */,
				7B9F6B032AEE88CF0044B998 /* OrderView.swift in Sources */,
				7B9F6B052AEE88DF0044B998 /* AppetizerListView.swift in Sources */,
				7B8F00582AFB997100496112 /* APError.swift in Sources */,
				7B8F005A2AFBB22700496112 /* AppetizersListViewModel.swift in Sources */,
				7B8F00602AFBC90E00496112 /* LoadingView.swift in Sources */,
				7B7A7C402AFBEBFC000C2364 /* RemoteImage.swift in Sources */,
				7B9F6B0D2AF171250044B998 /* NetworkManager.swift in Sources */,
				7B9F6AF72AEE85140044B998 /* AppetizerTabView.swift in Sources */,
				7B8F005E2AFBC7BF00496112 /* Color+Ext.swift in Sources */,
				7B9F6AF52AEE85140044B998 /* AppetizerApp.swift in Sources */,
				7B8F005C2AFBB93E00496112 /* Alert.swift in Sources */,
				7B9F6B072AEE88EB0044B998 /* AccountView.swift in Sources */,
			);
			runOnlyForDeploymentPostprocessing = 0;
		};
/* End PBXSourcesBuildPhase section */

/* Begin XCBuildConfiguration section */
		7B9F6AFD2AEE85180044B998 /* Debug */ = {
			isa = XCBuildConfiguration;
			buildSettings = {
				ALWAYS_SEARCH_USER_PATHS = NO;
				ASSETCATALOG_COMPILER_GENERATE_SWIFT_ASSET_SYMBOL_EXTENSIONS = YES;
				CLANG_ANALYZER_NONNULL = YES;
				CLANG_ANALYZER_NUMBER_OBJECT_CONVERSION = YES_AGGRESSIVE;
				CLANG_CXX_LANGUAGE_STANDARD = "gnu++20";
				CLANG_ENABLE_MODULES = YES;
				CLANG_ENABLE_OBJC_ARC = YES;
				CLANG_ENABLE_OBJC_WEAK = YES;
				CLANG_WARN_BLOCK_CAPTURE_AUTORELEASING = YES;
				CLANG_WARN_BOOL_CONVERSION = YES;
				CLANG_WARN_COMMA = YES;
				CLANG_WARN_CONSTANT_CONVERSION = YES;
				CLANG_WARN_DEPRECATED_OBJC_IMPLEMENTATIONS = YES;
				CLANG_WARN_DIRECT_OBJC_ISA_USAGE = YES_ERROR;
				CLANG_WARN_DOCUMENTATION_COMMENTS = YES;
				CLANG_WARN_EMPTY_BODY = YES;
				CLANG_WARN_ENUM_CONVERSION = YES;
				CLANG_WARN_INFINITE_RECURSION = YES;
				CLANG_WARN_INT_CONVERSION = YES;
				CLANG_WARN_NON_LITERAL_NULL_CONVERSION = YES;
				CLANG_WARN_OBJC_IMPLICIT_RETAIN_SELF = YES;
				CLANG_WARN_OBJC_LITERAL_CONVERSION = YES;
				CLANG_WARN_OBJC_ROOT_CLASS = YES_ERROR;
				CLANG_WARN_QUOTED_INCLUDE_IN_FRAMEWORK_HEADER = YES;
				CLANG_WARN_RANGE_LOOP_ANALYSIS = YES;
				CLANG_WARN_STRICT_PROTOTYPES = YES;
				CLANG_WARN_SUSPICIOUS_MOVE = YES;
				CLANG_WARN_UNGUARDED_AVAILABILITY = YES_AGGRESSIVE;
				CLANG_WARN_UNREACHABLE_CODE = YES;
				CLANG_WARN__DUPLICATE_METHOD_MATCH = YES;
				COPY_PHASE_STRIP = NO;
				DEBUG_INFORMATION_FORMAT = dwarf;
				ENABLE_STRICT_OBJC_MSGSEND = YES;
				ENABLE_TESTABILITY = YES;
				ENABLE_USER_SCRIPT_SANDBOXING = YES;
				GCC_C_LANGUAGE_STANDARD = gnu17;
				GCC_DYNAMIC_NO_PIC = NO;
				GCC_NO_COMMON_BLOCKS = YES;
				GCC_OPTIMIZATION_LEVEL = 0;
				GCC_PREPROCESSOR_DEFINITIONS = (
					"DEBUG=1",
					"$(inherited)",
				);
				GCC_WARN_64_TO_32_BIT_CONVERSION = YES;
				GCC_WARN_ABOUT_RETURN_TYPE = YES_ERROR;
				GCC_WARN_UNDECLARED_SELECTOR = YES;
				GCC_WARN_UNINITIALIZED_AUTOS = YES_AGGRESSIVE;
				GCC_WARN_UNUSED_FUNCTION = YES;
				GCC_WARN_UNUSED_VARIABLE = YES;
				IPHONEOS_DEPLOYMENT_TARGET = 17.0;
				LOCALIZATION_PREFERS_STRING_CATALOGS = YES;
				MTL_ENABLE_DEBUG_INFO = INCLUDE_SOURCE;
				MTL_FAST_MATH = YES;
				ONLY_ACTIVE_ARCH = YES;
				SDKROOT = iphoneos;
				SWIFT_ACTIVE_COMPILATION_CONDITIONS = "DEBUG $(inherited)";
				SWIFT_OPTIMIZATION_LEVEL = "-Onone";
			};
			name = Debug;
		};
		7B9F6AFE2AEE85180044B998 /* Release */ = {
			isa = XCBuildConfiguration;
			buildSettings = {
				ALWAYS_SEARCH_USER_PATHS = NO;
				ASSETCATALOG_COMPILER_GENERATE_SWIFT_ASSET_SYMBOL_EXTENSIONS = YES;
				CLANG_ANALYZER_NONNULL = YES;
				CLANG_ANALYZER_NUMBER_OBJECT_CONVERSION = YES_AGGRESSIVE;
				CLANG_CXX_LANGUAGE_STANDARD = "gnu++20";
				CLANG_ENABLE_MODULES = YES;
				CLANG_ENABLE_OBJC_ARC = YES;
				CLANG_ENABLE_OBJC_WEAK = YES;
				CLANG_WARN_BLOCK_CAPTURE_AUTORELEASING = YES;
				CLANG_WARN_BOOL_CONVERSION = YES;
				CLANG_WARN_COMMA = YES;
				CLANG_WARN_CONSTANT_CONVERSION = YES;
				CLANG_WARN_DEPRECATED_OBJC_IMPLEMENTATIONS = YES;
				CLANG_WARN_DIRECT_OBJC_ISA_USAGE = YES_ERROR;
				CLANG_WARN_DOCUMENTATION_COMMENTS = YES;
				CLANG_WARN_EMPTY_BODY = YES;
				CLANG_WARN_ENUM_CONVERSION = YES;
				CLANG_WARN_INFINITE_RECURSION = YES;
				CLANG_WARN_INT_CONVERSION = YES;
				CLANG_WARN_NON_LITERAL_NULL_CONVERSION = YES;
				CLANG_WARN_OBJC_IMPLICIT_RETAIN_SELF = YES;
				CLANG_WARN_OBJC_LITERAL_CONVERSION = YES;
				CLANG_WARN_OBJC_ROOT_CLASS = YES_ERROR;
				CLANG_WARN_QUOTED_INCLUDE_IN_FRAMEWORK_HEADER = YES;
				CLANG_WARN_RANGE_LOOP_ANALYSIS = YES;
				CLANG_WARN_STRICT_PROTOTYPES = YES;
				CLANG_WARN_SUSPICIOUS_MOVE = YES;
				CLANG_WARN_UNGUARDED_AVAILABILITY = YES_AGGRESSIVE;
				CLANG_WARN_UNREACHABLE_CODE = YES;
				CLANG_WARN__DUPLICATE_METHOD_MATCH = YES;
				COPY_PHASE_STRIP = NO;
				DEBUG_INFORMATION_FORMAT = "dwarf-with-dsym";
				ENABLE_NS_ASSERTIONS = NO;
				ENABLE_STRICT_OBJC_MSGSEND = YES;
				ENABLE_USER_SCRIPT_SANDBOXING = YES;
				GCC_C_LANGUAGE_STANDARD = gnu17;
				GCC_NO_COMMON_BLOCKS = YES;
				GCC_WARN_64_TO_32_BIT_CONVERSION = YES;
				GCC_WARN_ABOUT_RETURN_TYPE = YES_ERROR;
				GCC_WARN_UNDECLARED_SELECTOR = YES;
				GCC_WARN_UNINITIALIZED_AUTOS = YES_AGGRESSIVE;
				GCC_WARN_UNUSED_FUNCTION = YES;
				GCC_WARN_UNUSED_VARIABLE = YES;
				IPHONEOS_DEPLOYMENT_TARGET = 17.0;
				LOCALIZATION_PREFERS_STRING_CATALOGS = YES;
				MTL_ENABLE_DEBUG_INFO = NO;
				MTL_FAST_MATH = YES;
				SDKROOT = iphoneos;
				SWIFT_COMPILATION_MODE = wholemodule;
				VALIDATE_PRODUCT = YES;
			};
			name = Release;
		};
		7B9F6B002AEE85180044B998 /* Debug */ = {
			isa = XCBuildConfiguration;
			buildSettings = {
				ASSETCATALOG_COMPILER_APPICON_NAME = AppIcon;
				ASSETCATALOG_COMPILER_GLOBAL_ACCENT_COLOR_NAME = AccentColor;
				CODE_SIGN_STYLE = Automatic;
				CURRENT_PROJECT_VERSION = 1;
				DEVELOPMENT_ASSET_PATHS = "\"Appetizer/Preview Content\"";
				DEVELOPMENT_TEAM = 7SVX56GQRH;
				ENABLE_PREVIEWS = YES;
				GENERATE_INFOPLIST_FILE = YES;
				INFOPLIST_KEY_UIApplicationSceneManifest_Generation = YES;
				INFOPLIST_KEY_UIApplicationSupportsIndirectInputEvents = YES;
				INFOPLIST_KEY_UILaunchScreen_Generation = YES;
				INFOPLIST_KEY_UISupportedInterfaceOrientations_iPad = "UIInterfaceOrientationPortrait UIInterfaceOrientationPortraitUpsideDown UIInterfaceOrientationLandscapeLeft UIInterfaceOrientationLandscapeRight";
				INFOPLIST_KEY_UISupportedInterfaceOrientations_iPhone = "UIInterfaceOrientationPortrait UIInterfaceOrientationLandscapeLeft UIInterfaceOrientationLandscapeRight";
				LD_RUNPATH_SEARCH_PATHS = (
					"$(inherited)",
					"@executable_path/Frameworks",
				);
				MARKETING_VERSION = 1.0;
				PRODUCT_BUNDLE_IDENTIFIER = com.shauryaproject.Appetizer;
				PRODUCT_NAME = "$(TARGET_NAME)";
				SWIFT_EMIT_LOC_STRINGS = YES;
				SWIFT_VERSION = 5.0;
				TARGETED_DEVICE_FAMILY = "1,2";
			};
			name = Debug;
		};
		7B9F6B012AEE85180044B998 /* Release */ = {
			isa = XCBuildConfiguration;
			buildSettings = {
				ASSETCATALOG_COMPILER_APPICON_NAME = AppIcon;
				ASSETCATALOG_COMPILER_GLOBAL_ACCENT_COLOR_NAME = AccentColor;
				CODE_SIGN_STYLE = Automatic;
				CURRENT_PROJECT_VERSION = 1;
				DEVELOPMENT_ASSET_PATHS = "\"Appetizer/Preview Content\"";
				DEVELOPMENT_TEAM = 7SVX56GQRH;
				ENABLE_PREVIEWS = YES;
				GENERATE_INFOPLIST_FILE = YES;
				INFOPLIST_KEY_UIApplicationSceneManifest_Generation = YES;
				INFOPLIST_KEY_UIApplicationSupportsIndirectInputEvents = YES;
				INFOPLIST_KEY_UILaunchScreen_Generation = YES;
				INFOPLIST_KEY_UISupportedInterfaceOrientations_iPad = "UIInterfaceOrientationPortrait UIInterfaceOrientationPortraitUpsideDown UIInterfaceOrientationLandscapeLeft UIInterfaceOrientationLandscapeRight";
				INFOPLIST_KEY_UISupportedInterfaceOrientations_iPhone = "UIInterfaceOrientationPortrait UIInterfaceOrientationLandscapeLeft UIInterfaceOrientationLandscapeRight";
				LD_RUNPATH_SEARCH_PATHS = (
					"$(inherited)",
					"@executable_path/Frameworks",
				);
				MARKETING_VERSION = 1.0;
				PRODUCT_BUNDLE_IDENTIFIER = com.shauryaproject.Appetizer;
				PRODUCT_NAME = "$(TARGET_NAME)";
				SWIFT_EMIT_LOC_STRINGS = YES;
				SWIFT_VERSION = 5.0;
				TARGETED_DEVICE_FAMILY = "1,2";
			};
			name = Release;
		};
/* End XCBuildConfiguration section */

/* Begin XCConfigurationList section */
		7B9F6AEC2AEE85140044B998 /* Build configuration list for PBXProject "Appetizer" */ = {
			isa = XCConfigurationList;
			buildConfigurations = (
				7B9F6AFD2AEE85180044B998 /* Debug */,
				7B9F6AFE2AEE85180044B998 /* Release */,
			);
			defaultConfigurationIsVisible = 0;
			defaultConfigurationName = Release;
		};
		7B9F6AFF2AEE85180044B998 /* Build configuration list for PBXNativeTarget "Appetizer" */ = {
			isa = XCConfigurationList;
			buildConfigurations = (
				7B9F6B002AEE85180044B998 /* Debug */,
				7B9F6B012AEE85180044B998 /* Release */,
			);
			defaultConfigurationIsVisible = 0;
			defaultConfigurationName = Release;
		};
/* End XCConfigurationList section */
	};
	rootObject = 7B9F6AE92AEE85140044B998 /* Project object */;
}
